<?xml version="1.0" encoding="UTF-8"?>
<CodeBlocks_project_file>
	<FileVersion major="1" minor="6"/>
	<Project>
		<Option title="AvDriver"/>
		<Option makefile_is_custom="1"/>
		<Option compiler="clang"/>
		<Option virtualFolders="CMake Files\;CMake Files\..\;CMake Files\..\..\;CMake Files\..\..\..\;CMake Files\..\..\..\..\;CMake Files\..\..\..\..\..\;CMake Files\..\..\..\..\..\..\;CMake Files\..\..\..\..\..\..\usr\;CMake Files\..\..\..\..\..\..\usr\local\;CMake Files\..\..\..\..\..\..\usr\local\lib\;CMake Files\..\..\..\..\..\..\usr\local\lib\cmake\;CMake Files\..\..\..\..\..\..\usr\local\lib\cmake\open62541\;"/>
		<Build>
			<Target title="all">
				<Option working_dir="/home/vmware/Проекты/Qt/AvDriver/build-src-Desktop-Debug"/>
				<Option type="4"/>
				<MakeCommands>
					<Build command="/usr/bin/make -j4 -f &quot;/home/vmware/Проекты/Qt/AvDriver/build-src-Desktop-Debug/Makefile&quot;  VERBOSE=1 all"/>
					<CompileFile command="/usr/bin/make -j4 -f &quot;/home/vmware/Проекты/Qt/AvDriver/build-src-Desktop-Debug/Makefile&quot;  VERBOSE=1 &quot;$file&quot;"/>
					<Clean command="/usr/bin/make -j4 -f &quot;/home/vmware/Проекты/Qt/AvDriver/build-src-Desktop-Debug/Makefile&quot;  VERBOSE=1 clean"/>
					<DistClean command="/usr/bin/make -j4 -f &quot;/home/vmware/Проекты/Qt/AvDriver/build-src-Desktop-Debug/Makefile&quot;  VERBOSE=1 clean"/>
				</MakeCommands>
			</Target>
			<Target title="rebuild_cache">
				<Option working_dir="/home/vmware/Проекты/Qt/AvDriver/build-src-Desktop-Debug"/>
				<Option type="4"/>
				<MakeCommands>
					<Build command="/usr/bin/make -j4 -f &quot;/home/vmware/Проекты/Qt/AvDriver/build-src-Desktop-Debug/Makefile&quot;  VERBOSE=1 rebuild_cache"/>
					<CompileFile command="/usr/bin/make -j4 -f &quot;/home/vmware/Проекты/Qt/AvDriver/build-src-Desktop-Debug/Makefile&quot;  VERBOSE=1 &quot;$file&quot;"/>
					<Clean command="/usr/bin/make -j4 -f &quot;/home/vmware/Проекты/Qt/AvDriver/build-src-Desktop-Debug/Makefile&quot;  VERBOSE=1 clean"/>
					<DistClean command="/usr/bin/make -j4 -f &quot;/home/vmware/Проекты/Qt/AvDriver/build-src-Desktop-Debug/Makefile&quot;  VERBOSE=1 clean"/>
				</MakeCommands>
			</Target>
			<Target title="edit_cache">
				<Option working_dir="/home/vmware/Проекты/Qt/AvDriver/build-src-Desktop-Debug"/>
				<Option type="4"/>
				<MakeCommands>
					<Build command="/usr/bin/make -j4 -f &quot;/home/vmware/Проекты/Qt/AvDriver/build-src-Desktop-Debug/Makefile&quot;  VERBOSE=1 edit_cache"/>
					<CompileFile command="/usr/bin/make -j4 -f &quot;/home/vmware/Проекты/Qt/AvDriver/build-src-Desktop-Debug/Makefile&quot;  VERBOSE=1 &quot;$file&quot;"/>
					<Clean command="/usr/bin/make -j4 -f &quot;/home/vmware/Проекты/Qt/AvDriver/build-src-Desktop-Debug/Makefile&quot;  VERBOSE=1 clean"/>
					<DistClean command="/usr/bin/make -j4 -f &quot;/home/vmware/Проекты/Qt/AvDriver/build-src-Desktop-Debug/Makefile&quot;  VERBOSE=1 clean"/>
				</MakeCommands>
			</Target>
			<Target title="AvDriver">
				<Option output="/home/vmware/Проекты/Qt/AvDriver/build-src-Desktop-Debug/AvDriver" prefix_auto="0" extension_auto="0"/>
				<Option working_dir="/home/vmware/Проекты/Qt/AvDriver/build-src-Desktop-Debug"/>
				<Option object_output="./"/>
				<Option type="1"/>
				<Option compiler="clang"/>
				<Compiler>
					<Add option="-DUA_ARCHITECTURE_POSIX"/>
					<Add directory="/usr/local/include"/>
					<Add directory="/usr/bin/../lib/gcc/x86_64-linux-gnu/6.3.0/../../../../include/c++/6.3.0"/>
					<Add directory="/usr/bin/../lib/gcc/x86_64-linux-gnu/6.3.0/../../../../include/x86_64-linux-gnu/c++/6.3.0"/>
					<Add directory="/usr/bin/../lib/gcc/x86_64-linux-gnu/6.3.0/../../../../include/c++/6.3.0/backward"/>
					<Add directory="/usr/include/clang/6.0.0/include"/>
					<Add directory="/usr/include/x86_64-linux-gnu"/>
					<Add directory="/usr/include"/>
				</Compiler>
				<MakeCommands>
					<Build command="/usr/bin/make -j4 -f &quot;/home/vmware/Проекты/Qt/AvDriver/build-src-Desktop-Debug/Makefile&quot;  VERBOSE=1 AvDriver"/>
					<CompileFile command="/usr/bin/make -j4 -f &quot;/home/vmware/Проекты/Qt/AvDriver/build-src-Desktop-Debug/Makefile&quot;  VERBOSE=1 &quot;$file&quot;"/>
					<Clean command="/usr/bin/make -j4 -f &quot;/home/vmware/Проекты/Qt/AvDriver/build-src-Desktop-Debug/Makefile&quot;  VERBOSE=1 clean"/>
					<DistClean command="/usr/bin/make -j4 -f &quot;/home/vmware/Проекты/Qt/AvDriver/build-src-Desktop-Debug/Makefile&quot;  VERBOSE=1 clean"/>
				</MakeCommands>
			</Target>
			<Target title="AvDriver/fast">
				<Option output="/home/vmware/Проекты/Qt/AvDriver/build-src-Desktop-Debug/AvDriver" prefix_auto="0" extension_auto="0"/>
				<Option working_dir="/home/vmware/Проекты/Qt/AvDriver/build-src-Desktop-Debug"/>
				<Option object_output="./"/>
				<Option type="1"/>
				<Option compiler="clang"/>
				<Compiler>
					<Add option="-DUA_ARCHITECTURE_POSIX"/>
					<Add directory="/usr/local/include"/>
					<Add directory="/usr/bin/../lib/gcc/x86_64-linux-gnu/6.3.0/../../../../include/c++/6.3.0"/>
					<Add directory="/usr/bin/../lib/gcc/x86_64-linux-gnu/6.3.0/../../../../include/x86_64-linux-gnu/c++/6.3.0"/>
					<Add directory="/usr/bin/../lib/gcc/x86_64-linux-gnu/6.3.0/../../../../include/c++/6.3.0/backward"/>
					<Add directory="/usr/include/clang/6.0.0/include"/>
					<Add directory="/usr/include/x86_64-linux-gnu"/>
					<Add directory="/usr/include"/>
				</Compiler>
				<MakeCommands>
					<Build command="/usr/bin/make -j4 -f &quot;/home/vmware/Проекты/Qt/AvDriver/build-src-Desktop-Debug/Makefile&quot;  VERBOSE=1 AvDriver/fast"/>
					<CompileFile command="/usr/bin/make -j4 -f &quot;/home/vmware/Проекты/Qt/AvDriver/build-src-Desktop-Debug/Makefile&quot;  VERBOSE=1 &quot;$file&quot;"/>
					<Clean command="/usr/bin/make -j4 -f &quot;/home/vmware/Проекты/Qt/AvDriver/build-src-Desktop-Debug/Makefile&quot;  VERBOSE=1 clean"/>
					<DistClean command="/usr/bin/make -j4 -f &quot;/home/vmware/Проекты/Qt/AvDriver/build-src-Desktop-Debug/Makefile&quot;  VERBOSE=1 clean"/>
				</MakeCommands>
			</Target>
		</Build>
		<Unit filename="/home/vmware/Проекты/Qt/AvDriver/src/industrialprotocolutils.cpp">
			<Option target="AvDriver"/>
		</Unit>
		<Unit filename="/home/vmware/Проекты/Qt/AvDriver/src/industrialprotocolutils.h">
			<Option target="AvDriver"/>
		</Unit>
		<Unit filename="/home/vmware/Проекты/Qt/AvDriver/src/main.cpp">
			<Option target="AvDriver"/>
		</Unit>
		<Unit filename="/home/vmware/Проекты/Qt/AvDriver/src/modbustcpclient.cpp">
			<Option target="AvDriver"/>
		</Unit>
		<Unit filename="/home/vmware/Проекты/Qt/AvDriver/src/modbustcpclient.h">
			<Option target="AvDriver"/>
		</Unit>
		<Unit filename="/home/vmware/Проекты/Qt/AvDriver/src/opcuaclient.cpp">
			<Option target="AvDriver"/>
		</Unit>
		<Unit filename="/home/vmware/Проекты/Qt/AvDriver/src/opcuaclient.h">
			<Option target="AvDriver"/>
		</Unit>
		<Unit filename="/home/vmware/Проекты/Qt/AvDriver/src/rtm64var.cpp">
			<Option target="AvDriver"/>
		</Unit>
		<Unit filename="/home/vmware/Проекты/Qt/AvDriver/src/rtm64var.h">
			<Option target="AvDriver"/>
		</Unit>
		<Unit filename="/home/vmware/Проекты/Qt/AvDriver/src/CMakeLists.txt">
			<Option virtualFolder="CMake Files\"/>
		</Unit>
		<Unit filename="/home/vmware/Проекты/Qt/AvDriver/src/../../../../../../usr/local/lib/cmake/open62541/open62541Config.cmake">
			<Option virtualFolder="CMake Files\..\..\..\..\..\..\usr\local\lib\cmake\open62541\"/>
		</Unit>
		<Unit filename="/home/vmware/Проекты/Qt/AvDriver/src/../../../../../../usr/local/lib/cmake/open62541/open62541ConfigVersion.cmake">
			<Option virtualFolder="CMake Files\..\..\..\..\..\..\usr\local\lib\cmake\open62541\"/>
		</Unit>
		<Unit filename="/home/vmware/Проекты/Qt/AvDriver/src/../../../../../../usr/local/lib/cmake/open62541/open62541Macros.cmake">
			<Option virtualFolder="CMake Files\..\..\..\..\..\..\usr\local\lib\cmake\open62541\"/>
		</Unit>
		<Unit filename="/home/vmware/Проекты/Qt/AvDriver/src/../../../../../../usr/local/lib/cmake/open62541/open62541Targets-relwithdebinfo.cmake">
			<Option virtualFolder="CMake Files\..\..\..\..\..\..\usr\local\lib\cmake\open62541\"/>
		</Unit>
		<Unit filename="/home/vmware/Проекты/Qt/AvDriver/src/../../../../../../usr/local/lib/cmake/open62541/open62541Targets.cmake">
			<Option virtualFolder="CMake Files\..\..\..\..\..\..\usr\local\lib\cmake\open62541\"/>
		</Unit>
	</Project>
</CodeBlocks_project_file>
